# This file is generated by running "yarn install" inside your project.
# Manual changes might be lost - proceed with caution!

__metadata:
  version: 8
  cacheKey: 10c0

"@prisma/client@npm:^6.1.0":
  version: 6.1.0
  resolution: "@prisma/client@npm:6.1.0"
  peerDependencies:
    prisma: "*"
  peerDependenciesMeta:
    prisma:
      optional: true
  checksum: 10c0/6cb3c81ce52e37f4d48598e114ff1f9c46297a3299ddf80701d26794aacb8e46f3726cb20dd4f1528cd7b8a713d38e8e68a1fd2be8c370f0925f92b7a9b6b955
  languageName: node
  linkType: hard

"@types/node@npm:^22.10.2":
  version: 22.10.2
  resolution: "@types/node@npm:22.10.2"
  dependencies:
    undici-types: "npm:~6.20.0"
  checksum: 10c0/2c7b71a040f1ef5320938eca8ebc946e6905caa9bbf3d5665d9b3774a8d15ea9fab1582b849a6d28c7fc80756a62c5666bc66b69f42f4d5dafd1ccb193cdb4ac
  languageName: node
  linkType: hard

"boolbase@npm:^1.0.0":
  version: 1.0.0
  resolution: "boolbase@npm:1.0.0"
  checksum: 10c0/e4b53deb4f2b85c52be0e21a273f2045c7b6a6ea002b0e139c744cb6f95e9ec044439a52883b0d74dedd1ff3da55ed140cfdddfed7fb0cccbed373de5dce1bcf
  languageName: node
  linkType: hard

"cheerio-select@npm:^2.1.0":
  version: 2.1.0
  resolution: "cheerio-select@npm:2.1.0"
  dependencies:
    boolbase: "npm:^1.0.0"
    css-select: "npm:^5.1.0"
    css-what: "npm:^6.1.0"
    domelementtype: "npm:^2.3.0"
    domhandler: "npm:^5.0.3"
    domutils: "npm:^3.0.1"
  checksum: 10c0/2242097e593919dba4aacb97d7b8275def8b9ec70b00aa1f43335456870cfc9e284eae2080bdc832ed232dabb9eefcf56c722d152da4a154813fb8814a55d282
  languageName: node
  linkType: hard

"cheerio@npm:^1.0.0":
  version: 1.0.0
  resolution: "cheerio@npm:1.0.0"
  dependencies:
    cheerio-select: "npm:^2.1.0"
    dom-serializer: "npm:^2.0.0"
    domhandler: "npm:^5.0.3"
    domutils: "npm:^3.1.0"
    encoding-sniffer: "npm:^0.2.0"
    htmlparser2: "npm:^9.1.0"
    parse5: "npm:^7.1.2"
    parse5-htmlparser2-tree-adapter: "npm:^7.0.0"
    parse5-parser-stream: "npm:^7.1.2"
    undici: "npm:^6.19.5"
    whatwg-mimetype: "npm:^4.0.0"
  checksum: 10c0/d0e16925d9c36c879edfaef1c0244c866375a4c7b8d6ccd7ae0ad42da7d26263ea1a3c17b9a1aa5965918deeff2d40ac2e7223824f8e6eca972df3b81316a09f
  languageName: node
  linkType: hard

"css-select@npm:^5.1.0":
  version: 5.1.0
  resolution: "css-select@npm:5.1.0"
  dependencies:
    boolbase: "npm:^1.0.0"
    css-what: "npm:^6.1.0"
    domhandler: "npm:^5.0.2"
    domutils: "npm:^3.0.1"
    nth-check: "npm:^2.0.1"
  checksum: 10c0/551c60dba5b54054741032c1793b5734f6ba45e23ae9e82761a3c0ed1acbb8cfedfa443aaba3a3c1a54cac12b456d2012a09d2cd5f0e82e430454c1b9d84d500
  languageName: node
  linkType: hard

"css-what@npm:^6.1.0":
  version: 6.1.0
  resolution: "css-what@npm:6.1.0"
  checksum: 10c0/a09f5a6b14ba8dcf57ae9a59474722e80f20406c53a61e9aedb0eedc693b135113ffe2983f4efc4b5065ae639442e9ae88df24941ef159c218b231011d733746
  languageName: node
  linkType: hard

"dom-serializer@npm:^2.0.0":
  version: 2.0.0
  resolution: "dom-serializer@npm:2.0.0"
  dependencies:
    domelementtype: "npm:^2.3.0"
    domhandler: "npm:^5.0.2"
    entities: "npm:^4.2.0"
  checksum: 10c0/d5ae2b7110ca3746b3643d3ef60ef823f5f078667baf530cec096433f1627ec4b6fa8c072f09d079d7cda915fd2c7bc1b7b935681e9b09e591e1e15f4040b8e2
  languageName: node
  linkType: hard

"domelementtype@npm:^2.3.0":
  version: 2.3.0
  resolution: "domelementtype@npm:2.3.0"
  checksum: 10c0/686f5a9ef0fff078c1412c05db73a0dce096190036f33e400a07e2a4518e9f56b1e324f5c576a0a747ef0e75b5d985c040b0d51945ce780c0dd3c625a18cd8c9
  languageName: node
  linkType: hard

"domhandler@npm:^5.0.2, domhandler@npm:^5.0.3":
  version: 5.0.3
  resolution: "domhandler@npm:5.0.3"
  dependencies:
    domelementtype: "npm:^2.3.0"
  checksum: 10c0/bba1e5932b3e196ad6862286d76adc89a0dbf0c773e5ced1eb01f9af930c50093a084eff14b8de5ea60b895c56a04d5de8bbc4930c5543d029091916770b2d2a
  languageName: node
  linkType: hard

"domutils@npm:^3.0.1, domutils@npm:^3.1.0":
  version: 3.2.1
  resolution: "domutils@npm:3.2.1"
  dependencies:
    dom-serializer: "npm:^2.0.0"
    domelementtype: "npm:^2.3.0"
    domhandler: "npm:^5.0.3"
  checksum: 10c0/af2a8e28fe51137307d2400c4b6483a3294ac8f784b14fc74b67f3aca3aa53a63144bd9e2bb96f23174c0c1aa680544bf2d77b4cc94e6f90f33314ed65c12a4f
  languageName: node
  linkType: hard

"dotenv@npm:^16.4.7":
  version: 16.4.7
  resolution: "dotenv@npm:16.4.7"
  checksum: 10c0/be9f597e36a8daf834452daa1f4cc30e5375a5968f98f46d89b16b983c567398a330580c88395069a77473943c06b877d1ca25b4afafcdd6d4adb549e8293462
  languageName: node
  linkType: hard

"encoding-sniffer@npm:^0.2.0":
  version: 0.2.0
  resolution: "encoding-sniffer@npm:0.2.0"
  dependencies:
    iconv-lite: "npm:^0.6.3"
    whatwg-encoding: "npm:^3.1.1"
  checksum: 10c0/b312e0d67f339bec44e021e5210ee8ee90d7b8f9975eb2c79a36fd467eb07709e88dcf62ee20f62ee0d74a13874307d99557852a2de9b448f1e3fb991fc68257
  languageName: node
  linkType: hard

"entities@npm:^4.2.0, entities@npm:^4.5.0":
  version: 4.5.0
  resolution: "entities@npm:4.5.0"
  checksum: 10c0/5b039739f7621f5d1ad996715e53d964035f75ad3b9a4d38c6b3804bb226e282ffeae2443624d8fdd9c47d8e926ae9ac009c54671243f0c3294c26af7cc85250
  languageName: node
  linkType: hard

"htmlparser2@npm:^9.1.0":
  version: 9.1.0
  resolution: "htmlparser2@npm:9.1.0"
  dependencies:
    domelementtype: "npm:^2.3.0"
    domhandler: "npm:^5.0.3"
    domutils: "npm:^3.1.0"
    entities: "npm:^4.5.0"
  checksum: 10c0/394f6323efc265bbc791d8c0d96bfe95984e0407565248521ab92e2dc7668e5ceeca7bc6ed18d408b9ee3b25032c5743368a4280d280332d782821d5d467ad8f
  languageName: node
  linkType: hard

"iconv-lite@npm:0.6.3, iconv-lite@npm:^0.6.3":
  version: 0.6.3
  resolution: "iconv-lite@npm:0.6.3"
  dependencies:
    safer-buffer: "npm:>= 2.1.2 < 3.0.0"
  checksum: 10c0/98102bc66b33fcf5ac044099d1257ba0b7ad5e3ccd3221f34dd508ab4070edff183276221684e1e0555b145fce0850c9f7d2b60a9fcac50fbb4ea0d6e845a3b1
  languageName: node
  linkType: hard

"nth-check@npm:^2.0.1":
  version: 2.1.1
  resolution: "nth-check@npm:2.1.1"
  dependencies:
    boolbase: "npm:^1.0.0"
  checksum: 10c0/5fee7ff309727763689cfad844d979aedd2204a817fbaaf0e1603794a7c20db28548d7b024692f953557df6ce4a0ee4ae46cd8ebd9b36cfb300b9226b567c479
  languageName: node
  linkType: hard

"parse5-htmlparser2-tree-adapter@npm:^7.0.0":
  version: 7.1.0
  resolution: "parse5-htmlparser2-tree-adapter@npm:7.1.0"
  dependencies:
    domhandler: "npm:^5.0.3"
    parse5: "npm:^7.0.0"
  checksum: 10c0/e5a4e0b834c84c9e244b5749f8d007f4baaeafac7a1da2c54be3421ffd9ef8fdec4f198bf55cda22e88e6ba95e9943f6ed5aa3ae5900b39972ebf5dc8c3f4722
  languageName: node
  linkType: hard

"parse5-parser-stream@npm:^7.1.2":
  version: 7.1.2
  resolution: "parse5-parser-stream@npm:7.1.2"
  dependencies:
    parse5: "npm:^7.0.0"
  checksum: 10c0/e236c61000d38ecad369e725a48506b051cebad8abb00e6d4e8bff7aa85c183820fcb45db1559cc90955bdbbdbd665ea94c41259594e74566fff411478dc7fcb
  languageName: node
  linkType: hard

"parse5@npm:^7.0.0, parse5@npm:^7.1.2":
  version: 7.2.1
  resolution: "parse5@npm:7.2.1"
  dependencies:
    entities: "npm:^4.5.0"
  checksum: 10c0/829d37a0c709215a887e410a7118d754f8e1afd7edb529db95bc7bbf8045fb0266a7b67801331d8e8d9d073ea75793624ec27ce9ff3b96862c3b9008f4d68e80
  languageName: node
  linkType: hard

"safer-buffer@npm:>= 2.1.2 < 3.0.0":
  version: 2.1.2
  resolution: "safer-buffer@npm:2.1.2"
  checksum: 10c0/7e3c8b2e88a1841c9671094bbaeebd94448111dd90a81a1f606f3f67708a6ec57763b3b47f06da09fc6054193e0e6709e77325415dc8422b04497a8070fa02d4
  languageName: node
  linkType: hard

"taro-bot@workspace:.":
  version: 0.0.0-use.local
  resolution: "taro-bot@workspace:."
  dependencies:
    "@prisma/client": "npm:^6.1.0"
    "@types/node": "npm:^22.10.2"
    cheerio: "npm:^1.0.0"
    dotenv: "npm:^16.4.7"
  languageName: unknown
  linkType: soft

"undici-types@npm:~6.20.0":
  version: 6.20.0
  resolution: "undici-types@npm:6.20.0"
  checksum: 10c0/68e659a98898d6a836a9a59e6adf14a5d799707f5ea629433e025ac90d239f75e408e2e5ff086afc3cace26f8b26ee52155293564593fbb4a2f666af57fc59bf
  languageName: node
  linkType: hard

"undici@npm:^6.19.5":
  version: 6.21.0
  resolution: "undici@npm:6.21.0"
  checksum: 10c0/afa9bde6dcf8e0f5cf1ff2fa977ba73dd5510299ddfca0e1f37ff326554172ae31cb3d4a40b5a729601be1f21b96a2684f974d74dab53f9b6930fd47d1949246
  languageName: node
  linkType: hard

"whatwg-encoding@npm:^3.1.1":
  version: 3.1.1
  resolution: "whatwg-encoding@npm:3.1.1"
  dependencies:
    iconv-lite: "npm:0.6.3"
  checksum: 10c0/273b5f441c2f7fda3368a496c3009edbaa5e43b71b09728f90425e7f487e5cef9eb2b846a31bd760dd8077739c26faf6b5ca43a5f24033172b003b72cf61a93e
  languageName: node
  linkType: hard

"whatwg-mimetype@npm:^4.0.0":
  version: 4.0.0
  resolution: "whatwg-mimetype@npm:4.0.0"
  checksum: 10c0/a773cdc8126b514d790bdae7052e8bf242970cebd84af62fb2f35a33411e78e981f6c0ab9ed1fe6ec5071b09d5340ac9178e05b52d35a9c4bcf558ba1b1551df
  languageName: node
  linkType: hard
